
Microsoft Visual Studio Solution File, Format Version 12.00
# Visual Studio Version 17
VisualStudioVersion = 17.11.35303.130
MinimumVisualStudioVersion = 10.0.40219.1
Project("{9A19103F-16F7-4668-BE54-9A1E7A4F7556}") = "ShoppingList", "ShoppingList\ShoppingList\ShoppingList.csproj", "{118E3B90-D473-44BC-8DC2-38383B874ADF}"
EndProject
Project("{9A19103F-16F7-4668-BE54-9A1E7A4F7556}") = "ShoppingList.Android", "ShoppingList\ShoppingList.Android\ShoppingList.Android.csproj", "{3F34A750-3BA6-4521-BE3C-210ED21F2233}"
EndProject
Project("{9A19103F-16F7-4668-BE54-9A1E7A4F7556}") = "ShoppingList.Desktop", "ShoppingList\ShoppingList.Desktop\ShoppingList.Desktop.csproj", "{323F4A5F-B070-40DC-86FE-28BA6F34F409}"
EndProject
Project("{9A19103F-16F7-4668-BE54-9A1E7A4F7556}") = "ShoppingList.iOS", "ShoppingList\ShoppingList.iOS\ShoppingList.iOS.csproj", "{5BC14A7B-0044-4682-8BF4-424C2FB299F6}"
EndProject
Project("{9A19103F-16F7-4668-BE54-9A1E7A4F7556}") = "ShoppingList.Browser", "ShoppingList\ShoppingList.Browser\ShoppingList.Browser.csproj", "{77398E86-9920-4979-AA89-DD2E1F73AF46}"
EndProject
Project("{FAE04EC0-301F-11D3-BF4B-00C04F79EFBC}") = "ShoppingList.Model", "ShoppingList.Model\ShoppingList.Model.csproj", "{3CDC0228-950A-441E-97F0-B386AAF78DDF}"
EndProject
Project("{FAE04EC0-301F-11D3-BF4B-00C04F79EFBC}") = "ShoppingList.Persistor", "ShoppingList.Persistor\ShoppingList.Persistor.csproj", "{7D3FE2FA-DCF4-4851-A174-AA0FFACC5A18}"
EndProject
Project("{FAE04EC0-301F-11D3-BF4B-00C04F79EFBC}") = "ShoppingList.Core", "ShoppingList.Core\ShoppingList.Core.csproj", "{6948465F-47B0-48CC-983E-8E8CA7EB4E86}"
EndProject
Project("{FAE04EC0-301F-11D3-BF4B-00C04F79EFBC}") = "ShoppingListEditor", "ShoppingListEditor\ShoppingListEditor.csproj", "{83C2B12F-0581-492D-A195-A0EA8726DA84}"
EndProject
Project("{FAE04EC0-301F-11D3-BF4B-00C04F79EFBC}") = "ShoppingList.Shared", "ShoppingList.Shared\ShoppingList.Shared.csproj", "{8353C1C9-6426-493A-B24D-B5C1AA8AFD6B}"
EndProject
Project("{FAE04EC0-301F-11D3-BF4B-00C04F79EFBC}") = "ShoppingList.Shared.Model", "ShoppingList.Shared.Model\ShoppingList.Shared.Model.csproj", "{D5EDA91F-E0B6-408D-A6DD-76ECA3EE3AE5}"
EndProject
Global
	GlobalSection(SolutionConfigurationPlatforms) = preSolution
		Debug|Any CPU = Debug|Any CPU
		Release|Any CPU = Release|Any CPU
	EndGlobalSection
	GlobalSection(ProjectConfigurationPlatforms) = postSolution
		{118E3B90-D473-44BC-8DC2-38383B874ADF}.Debug|Any CPU.ActiveCfg = Debug|Any CPU
		{118E3B90-D473-44BC-8DC2-38383B874ADF}.Debug|Any CPU.Build.0 = Debug|Any CPU
		{118E3B90-D473-44BC-8DC2-38383B874ADF}.Release|Any CPU.ActiveCfg = Release|Any CPU
		{118E3B90-D473-44BC-8DC2-38383B874ADF}.Release|Any CPU.Build.0 = Release|Any CPU
		{3F34A750-3BA6-4521-BE3C-210ED21F2233}.Debug|Any CPU.ActiveCfg = Debug|Any CPU
		{3F34A750-3BA6-4521-BE3C-210ED21F2233}.Debug|Any CPU.Build.0 = Debug|Any CPU
		{3F34A750-3BA6-4521-BE3C-210ED21F2233}.Debug|Any CPU.Deploy.0 = Debug|Any CPU
		{3F34A750-3BA6-4521-BE3C-210ED21F2233}.Release|Any CPU.ActiveCfg = Release|Any CPU
		{3F34A750-3BA6-4521-BE3C-210ED21F2233}.Release|Any CPU.Build.0 = Release|Any CPU
		{3F34A750-3BA6-4521-BE3C-210ED21F2233}.Release|Any CPU.Deploy.0 = Release|Any CPU
		{323F4A5F-B070-40DC-86FE-28BA6F34F409}.Debug|Any CPU.ActiveCfg = Debug|Any CPU
		{323F4A5F-B070-40DC-86FE-28BA6F34F409}.Debug|Any CPU.Build.0 = Debug|Any CPU
		{323F4A5F-B070-40DC-86FE-28BA6F34F409}.Release|Any CPU.ActiveCfg = Release|Any CPU
		{323F4A5F-B070-40DC-86FE-28BA6F34F409}.Release|Any CPU.Build.0 = Release|Any CPU
		{5BC14A7B-0044-4682-8BF4-424C2FB299F6}.Debug|Any CPU.ActiveCfg = Debug|Any CPU
		{5BC14A7B-0044-4682-8BF4-424C2FB299F6}.Debug|Any CPU.Build.0 = Debug|Any CPU
		{5BC14A7B-0044-4682-8BF4-424C2FB299F6}.Debug|Any CPU.Deploy.0 = Debug|Any CPU
		{5BC14A7B-0044-4682-8BF4-424C2FB299F6}.Release|Any CPU.ActiveCfg = Release|Any CPU
		{5BC14A7B-0044-4682-8BF4-424C2FB299F6}.Release|Any CPU.Build.0 = Release|Any CPU
		{5BC14A7B-0044-4682-8BF4-424C2FB299F6}.Release|Any CPU.Deploy.0 = Release|Any CPU
		{77398E86-9920-4979-AA89-DD2E1F73AF46}.Debug|Any CPU.ActiveCfg = Debug|Any CPU
		{77398E86-9920-4979-AA89-DD2E1F73AF46}.Debug|Any CPU.Build.0 = Debug|Any CPU
		{77398E86-9920-4979-AA89-DD2E1F73AF46}.Release|Any CPU.ActiveCfg = Release|Any CPU
		{77398E86-9920-4979-AA89-DD2E1F73AF46}.Release|Any CPU.Build.0 = Release|Any CPU
		{3CDC0228-950A-441E-97F0-B386AAF78DDF}.Debug|Any CPU.ActiveCfg = Debug|Any CPU
		{3CDC0228-950A-441E-97F0-B386AAF78DDF}.Debug|Any CPU.Build.0 = Debug|Any CPU
		{3CDC0228-950A-441E-97F0-B386AAF78DDF}.Release|Any CPU.ActiveCfg = Release|Any CPU
		{3CDC0228-950A-441E-97F0-B386AAF78DDF}.Release|Any CPU.Build.0 = Release|Any CPU
		{7D3FE2FA-DCF4-4851-A174-AA0FFACC5A18}.Debug|Any CPU.ActiveCfg = Debug|Any CPU
		{7D3FE2FA-DCF4-4851-A174-AA0FFACC5A18}.Debug|Any CPU.Build.0 = Debug|Any CPU
		{7D3FE2FA-DCF4-4851-A174-AA0FFACC5A18}.Release|Any CPU.ActiveCfg = Release|Any CPU
		{7D3FE2FA-DCF4-4851-A174-AA0FFACC5A18}.Release|Any CPU.Build.0 = Release|Any CPU
		{6948465F-47B0-48CC-983E-8E8CA7EB4E86}.Debug|Any CPU.ActiveCfg = Debug|Any CPU
		{6948465F-47B0-48CC-983E-8E8CA7EB4E86}.Debug|Any CPU.Build.0 = Debug|Any CPU
		{6948465F-47B0-48CC-983E-8E8CA7EB4E86}.Release|Any CPU.ActiveCfg = Release|Any CPU
		{6948465F-47B0-48CC-983E-8E8CA7EB4E86}.Release|Any CPU.Build.0 = Release|Any CPU
		{83C2B12F-0581-492D-A195-A0EA8726DA84}.Debug|Any CPU.ActiveCfg = Debug|Any CPU
		{83C2B12F-0581-492D-A195-A0EA8726DA84}.Debug|Any CPU.Build.0 = Debug|Any CPU
		{83C2B12F-0581-492D-A195-A0EA8726DA84}.Release|Any CPU.ActiveCfg = Release|Any CPU
		{83C2B12F-0581-492D-A195-A0EA8726DA84}.Release|Any CPU.Build.0 = Release|Any CPU
		{8353C1C9-6426-493A-B24D-B5C1AA8AFD6B}.Debug|Any CPU.ActiveCfg = Debug|Any CPU
		{8353C1C9-6426-493A-B24D-B5C1AA8AFD6B}.Debug|Any CPU.Build.0 = Debug|Any CPU
		{8353C1C9-6426-493A-B24D-B5C1AA8AFD6B}.Release|Any CPU.ActiveCfg = Release|Any CPU
		{8353C1C9-6426-493A-B24D-B5C1AA8AFD6B}.Release|Any CPU.Build.0 = Release|Any CPU
		{D5EDA91F-E0B6-408D-A6DD-76ECA3EE3AE5}.Debug|Any CPU.ActiveCfg = Debug|Any CPU
		{D5EDA91F-E0B6-408D-A6DD-76ECA3EE3AE5}.Debug|Any CPU.Build.0 = Debug|Any CPU
		{D5EDA91F-E0B6-408D-A6DD-76ECA3EE3AE5}.Release|Any CPU.ActiveCfg = Release|Any CPU
		{D5EDA91F-E0B6-408D-A6DD-76ECA3EE3AE5}.Release|Any CPU.Build.0 = Release|Any CPU
	EndGlobalSection
	GlobalSection(SolutionProperties) = preSolution
		HideSolutionNode = FALSE
	EndGlobalSection
	GlobalSection(ExtensibilityGlobals) = postSolution
		SolutionGuid = {06730AD1-447B-44AD-B629-7D90F1119AA2}
	EndGlobalSection
EndGlobal
